github.com/keepinmindsh/go-lang-module v1.0.0-New h1:u09u2hH8t5BVnxLK6CRxXkAdBib0UWxBHm7rCR2cOnc=
github.com/keepinmindsh/go-lang-module v1.0.0-New/go.mod h1:aphUQl8/jgZ+j5Xv5dDWgynq5Ex5dhytLlhW1iXmA1I=
github.com/keepinmindsh/go-lang-module v1.0.1 h1:yDkw/3f+adHlVIpT9RHMKo3JVHpG08g/Nz3Pa6xFFCk=
github.com/keepinmindsh/go-lang-module v1.0.1/go.mod h1:aphUQl8/jgZ+j5Xv5dDWgynq5Ex5dhytLlhW1iXmA1I=
